// !$*UTF8*$!
{
	archiveVersion = 1;
	classes = {
	};
	objectVersion = 56;
	objects = {

/* Begin PBXBuildFile section */
		9CC98B832F53303E003CE29F /* PredictorAppApp.swift in Sources */ = {isa = PBXBuildFile; fileRef = F1000001 /* PredictorAppApp.swift */; };
		9CC98B842F53303E003CE29F /* ContentView.swift in Sources */ = {isa = PBXBuildFile; fileRef = F1000002 /* ContentView.swift */; };
		9CC98B852F53303E003CE29F /* Prediction.swift in Sources */ = {isa = PBXBuildFile; fileRef = F1000004 /* Prediction.swift */; };
		9CC98B862F53303E003CE29F /* Learning.swift in Sources */ = {isa = PBXBuildFile; fileRef = F1000005 /* Learning.swift */; };
		9CC98B872F53303E003CE29F /* OverviewView.swift in Sources */ = {isa = PBXBuildFile; fileRef = F1000006 /* OverviewView.swift */; };
		9CC98B882F53303E003CE29F /* HistoryView.swift in Sources */ = {isa = PBXBuildFile; fileRef = F1000007 /* HistoryView.swift */; };
		9CC98B892F53303E003CE29F /* LearningsView.swift in Sources */ = {isa = PBXBuildFile; fileRef = F1000008 /* LearningsView.swift */; };
		9CC98B8A2F53303E003CE29F /* SettingsView.swift in Sources */ = {isa = PBXBuildFile; fileRef = F1000009 /* SettingsView.swift */; };
		9CC98B8B2F53303E003CE29F /* LocalStore.swift in Sources */ = {isa = PBXBuildFile; fileRef = F1000012 /* LocalStore.swift */; };
		9CC98B8C2F53303E003CE29F /* DataFetcher.swift in Sources */ = {isa = PBXBuildFile; fileRef = F1000013 /* DataFetcher.swift */; };
		9CC98B8D2F53303E003CE29F /* PredictorService.swift in Sources */ = {isa = PBXBuildFile; fileRef = F1000014 /* PredictorService.swift */; };
		9CC98B8E2F53303E003CE29F /* AppDataStore.swift in Sources */ = {isa = PBXBuildFile; fileRef = F1000015 /* AppDataStore.swift */; };
		B1000001 /* PredictorAppApp.swift in Sources */ = {isa = PBXBuildFile; fileRef = F1000001 /* PredictorAppApp.swift */; };
		B1000002 /* ContentView.swift in Sources */ = {isa = PBXBuildFile; fileRef = F1000002 /* ContentView.swift */; };
		B1000004 /* Prediction.swift in Sources */ = {isa = PBXBuildFile; fileRef = F1000004 /* Prediction.swift */; };
		B1000005 /* Learning.swift in Sources */ = {isa = PBXBuildFile; fileRef = F1000005 /* Learning.swift */; };
		B1000006 /* OverviewView.swift in Sources */ = {isa = PBXBuildFile; fileRef = F1000006 /* OverviewView.swift */; };
		B1000007 /* HistoryView.swift in Sources */ = {isa = PBXBuildFile; fileRef = F1000007 /* HistoryView.swift */; };
		B1000008 /* LearningsView.swift in Sources */ = {isa = PBXBuildFile; fileRef = F1000008 /* LearningsView.swift */; };
		B1000009 /* SettingsView.swift in Sources */ = {isa = PBXBuildFile; fileRef = F1000009 /* SettingsView.swift */; };
		B1000012 /* LocalStore.swift in Sources */ = {isa = PBXBuildFile; fileRef = F1000012 /* LocalStore.swift */; };
		B1000013 /* DataFetcher.swift in Sources */ = {isa = PBXBuildFile; fileRef = F1000013 /* DataFetcher.swift */; };
		B1000014 /* PredictorService.swift in Sources */ = {isa = PBXBuildFile; fileRef = F1000014 /* PredictorService.swift */; };
		B1000015 /* AppDataStore.swift in Sources */ = {isa = PBXBuildFile; fileRef = F1000015 /* AppDataStore.swift */; };
/* End PBXBuildFile section */

/* Begin PBXFileReference section */
		E1000001 /* PredictorApp.app */ = {isa = PBXFileReference; explicitFileType = wrapper.application; includeInIndex = 0; name = PredictorApp.app; path = "PredictorApp (Mac).app"; sourceTree = BUILT_PRODUCTS_DIR; };
		E1000002 /* PredictorApp (iOS).app */ = {isa = PBXFileReference; explicitFileType = wrapper.application; includeInIndex = 0; path = "PredictorApp (iOS).app"; sourceTree = BUILT_PRODUCTS_DIR; };
		F1000001 /* PredictorAppApp.swift */ = {isa = PBXFileReference; lastKnownFileType = sourcecode.swift; path = PredictorAppApp.swift; sourceTree = "<group>"; };
		F1000002 /* ContentView.swift */ = {isa = PBXFileReference; lastKnownFileType = sourcecode.swift; path = ContentView.swift; sourceTree = "<group>"; };
		F1000004 /* Prediction.swift */ = {isa = PBXFileReference; lastKnownFileType = sourcecode.swift; path = Prediction.swift; sourceTree = "<group>"; };
		F1000005 /* Learning.swift */ = {isa = PBXFileReference; lastKnownFileType = sourcecode.swift; path = Learning.swift; sourceTree = "<group>"; };
		F1000006 /* OverviewView.swift */ = {isa = PBXFileReference; lastKnownFileType = sourcecode.swift; path = OverviewView.swift; sourceTree = "<group>"; };
		F1000007 /* HistoryView.swift */ = {isa = PBXFileReference; lastKnownFileType = sourcecode.swift; path = HistoryView.swift; sourceTree = "<group>"; };
		F1000008 /* LearningsView.swift */ = {isa = PBXFileReference; lastKnownFileType = sourcecode.swift; path = LearningsView.swift; sourceTree = "<group>"; };
		F1000009 /* SettingsView.swift */ = {isa = PBXFileReference; lastKnownFileType = sourcecode.swift; path = SettingsView.swift; sourceTree = "<group>"; };
		F1000012 /* LocalStore.swift */ = {isa = PBXFileReference; lastKnownFileType = sourcecode.swift; path = LocalStore.swift; sourceTree = "<group>"; };
		F1000013 /* DataFetcher.swift */ = {isa = PBXFileReference; lastKnownFileType = sourcecode.swift; path = DataFetcher.swift; sourceTree = "<group>"; };
		F1000014 /* PredictorService.swift */ = {isa = PBXFileReference; lastKnownFileType = sourcecode.swift; path = PredictorService.swift; sourceTree = "<group>"; };
		F1000015 /* AppDataStore.swift */ = {isa = PBXFileReference; lastKnownFileType = sourcecode.swift; path = AppDataStore.swift; sourceTree = "<group>"; };
/* End PBXFileReference section */

/* Begin PBXFrameworksBuildPhase section */
		C1000001 /* Frameworks */ = {
			isa = PBXFrameworksBuildPhase;
			buildActionMask = 2147483647;
			files = (
			);
			runOnlyForDeploymentPostprocessing = 0;
		};
		C1000002 /* Frameworks */ = {
			isa = PBXFrameworksBuildPhase;
			buildActionMask = 2147483647;
			files = (
			);
			runOnlyForDeploymentPostprocessing = 0;
		};
/* End PBXFrameworksBuildPhase section */

/* Begin PBXGroup section */
		G1000001 = {
			isa = PBXGroup;
			children = (
				G1000002 /* PredictorApp */,
				G1000003 /* Products */,
			);
			sourceTree = "<group>";
		};
		G1000002 /* PredictorApp */ = {
			isa = PBXGroup;
			children = (
				F1000001 /* PredictorAppApp.swift */,
				F1000002 /* ContentView.swift */,
				G1000004 /* Models */,
				G1000005 /* Views */,
				G1000006 /* Services */,
			);
			path = PredictorApp;
			sourceTree = "<group>";
		};
		G1000003 /* Products */ = {
			isa = PBXGroup;
			children = (
				E1000001 /* PredictorApp.app */,
				E1000002 /* PredictorApp (iOS).app */,
			);
			name = Products;
			sourceTree = "<group>";
		};
		G1000004 /* Models */ = {
			isa = PBXGroup;
			children = (
				F1000004 /* Prediction.swift */,
				F1000005 /* Learning.swift */,
			);
			path = Models;
			sourceTree = "<group>";
		};
		G1000005 /* Views */ = {
			isa = PBXGroup;
			children = (
				F1000006 /* OverviewView.swift */,
				F1000007 /* HistoryView.swift */,
				F1000008 /* LearningsView.swift */,
				F1000009 /* SettingsView.swift */,
			);
			path = Views;
			sourceTree = "<group>";
		};
		G1000006 /* Services */ = {
			isa = PBXGroup;
			children = (
				F1000012 /* LocalStore.swift */,
				F1000013 /* DataFetcher.swift */,
				F1000014 /* PredictorService.swift */,
				F1000015 /* AppDataStore.swift */,
			);
			path = Services;
			sourceTree = "<group>";
		};
/* End PBXGroup section */

/* Begin PBXNativeTarget section */
		T1000001 /* PredictorApp (Mac) */ = {
			isa = PBXNativeTarget;
			buildConfigurationList = L1000001 /* Build configuration list for PBXNativeTarget "PredictorApp (Mac)" */;
			buildPhases = (
				D1000001 /* Sources */,
				C1000001 /* Frameworks */,
				R1000001 /* Resources */,
			);
			buildRules = (
			);
			dependencies = (
			);
			name = "PredictorApp (Mac)";
			productName = PredictorApp;
			productReference = E1000001 /* PredictorApp.app */;
			productType = "com.apple.product-type.application";
		};
		T1000002 /* PredictorApp (iOS) */ = {
			isa = PBXNativeTarget;
			buildConfigurationList = L1000002 /* Build configuration list for PBXNativeTarget "PredictorApp (iOS)" */;
			buildPhases = (
				D1000002 /* Sources */,
				C1000002 /* Frameworks */,
				R1000002 /* Resources */,
			);
			buildRules = (
			);
			dependencies = (
			);
			name = "PredictorApp (iOS)";
			productName = PredictorApp;
			productReference = E1000002 /* PredictorApp (iOS).app */;
			productType = "com.apple.product-type.application";
		};
/* End PBXNativeTarget section */

/* Begin PBXProject section */
		P1000001 /* Project object */ = {
			isa = PBXProject;
			attributes = {
				BuildIndependentTargetsInParallel = 1;
				LastSwiftUpdateCheck = 1500;
				LastUpgradeCheck = 1500;
			};
			buildConfigurationList = L1000000 /* Build configuration list for PBXProject "PredictorApp" */;
			compatibilityVersion = "Xcode 14.0";
			developmentRegion = en;
			hasScannedForEncodings = 0;
			knownRegions = (
				en,
				Base,
			);
			mainGroup = G1000001;
			productRefGroup = G1000003 /* Products */;
			projectDirPath = "";
			projectRoot = "";
			targets = (
				T1000001 /* PredictorApp (Mac) */,
				T1000002 /* PredictorApp (iOS) */,
			);
		};
/* End PBXProject section */

/* Begin PBXResourcesBuildPhase section */
		R1000001 /* Resources */ = {
			isa = PBXResourcesBuildPhase;
			buildActionMask = 2147483647;
			files = (
			);
			runOnlyForDeploymentPostprocessing = 0;
		};
		R1000002 /* Resources */ = {
			isa = PBXResourcesBuildPhase;
			buildActionMask = 2147483647;
			files = (
			);
			runOnlyForDeploymentPostprocessing = 0;
		};
/* End PBXResourcesBuildPhase section */

/* Begin PBXSourcesBuildPhase section */
		D1000001 /* Sources */ = {
			isa = PBXSourcesBuildPhase;
			buildActionMask = 2147483647;
			files = (
				B1000001 /* PredictorAppApp.swift in Sources */,
				B1000002 /* ContentView.swift in Sources */,
				B1000004 /* Prediction.swift in Sources */,
				B1000005 /* Learning.swift in Sources */,
				B1000006 /* OverviewView.swift in Sources */,
				B1000007 /* HistoryView.swift in Sources */,
				B1000008 /* LearningsView.swift in Sources */,
				B1000009 /* SettingsView.swift in Sources */,
				B1000012 /* LocalStore.swift in Sources */,
				B1000013 /* DataFetcher.swift in Sources */,
				B1000014 /* PredictorService.swift in Sources */,
				B1000015 /* AppDataStore.swift in Sources */,
			);
			runOnlyForDeploymentPostprocessing = 0;
		};
		D1000002 /* Sources */ = {
			isa = PBXSourcesBuildPhase;
			buildActionMask = 2147483647;
			files = (
				9CC98B832F53303E003CE29F /* PredictorAppApp.swift in Sources */,
				9CC98B842F53303E003CE29F /* ContentView.swift in Sources */,
				9CC98B852F53303E003CE29F /* Prediction.swift in Sources */,
				9CC98B862F53303E003CE29F /* Learning.swift in Sources */,
				9CC98B872F53303E003CE29F /* OverviewView.swift in Sources */,
				9CC98B882F53303E003CE29F /* HistoryView.swift in Sources */,
				9CC98B892F53303E003CE29F /* LearningsView.swift in Sources */,
				9CC98B8A2F53303E003CE29F /* SettingsView.swift in Sources */,
				9CC98B8B2F53303E003CE29F /* LocalStore.swift in Sources */,
				9CC98B8C2F53303E003CE29F /* DataFetcher.swift in Sources */,
				9CC98B8D2F53303E003CE29F /* PredictorService.swift in Sources */,
				9CC98B8E2F53303E003CE29F /* AppDataStore.swift in Sources */,
			);
			runOnlyForDeploymentPostprocessing = 0;
		};
/* End PBXSourcesBuildPhase section */

/* Begin XCBuildConfiguration section */
		X1000000 /* Debug */ = {
			isa = XCBuildConfiguration;
			buildSettings = {
				ALWAYS_SEARCH_USER_PATHS = NO;
				CLANG_ANALYZER_NONNULL = YES;
				COPY_PHASE_STRIP = NO;
				DEBUG_INFORMATION_FORMAT = dwarf;
				ENABLE_STRICT_OBJC_MSGSEND = YES;
				GCC_DYNAMIC_NO_PIC = NO;
				GCC_OPTIMIZATION_LEVEL = 0;
				MTL_ENABLE_DEBUG_INFO = INCLUDE_SOURCE;
				ONLY_ACTIVE_ARCH = YES;
				SWIFT_ACTIVE_COMPILATION_CONDITIONS = "DEBUG $(inherited)";
				SWIFT_OPTIMIZATION_LEVEL = "-Onone";
			};
			name = Debug;
		};
		X1000001 /* Release */ = {
			isa = XCBuildConfiguration;
			buildSettings = {
				ALWAYS_SEARCH_USER_PATHS = NO;
				CLANG_ANALYZER_NONNULL = YES;
				COPY_PHASE_STRIP = NO;
				DEBUG_INFORMATION_FORMAT = "dwarf-with-dsym";
				ENABLE_NS_ASSERTIONS = NO;
				ENABLE_STRICT_OBJC_MSGSEND = YES;
				GCC_OPTIMIZATION_LEVEL = s;
				MTL_ENABLE_DEBUG_INFO = NO;
				SWIFT_COMPILATION_MODE = wholemodule;
			};
			name = Release;
		};
		X1000002 /* Debug */ = {
			isa = XCBuildConfiguration;
			buildSettings = {
				ASSETCATALOG_COMPILER_APPICON_NAME = AppIcon;
				CODE_SIGN_STYLE = Automatic;
				COMBINE_HIDPI_IMAGES = YES;
				CURRENT_PROJECT_VERSION = 1;
				DEVELOPMENT_ASSET_PATHS = "";
				ENABLE_PREVIEWS = YES;
				GENERATE_INFOPLIST_FILE = YES;
				INFOPLIST_KEY_NSHumanReadableCopyright = "";
				LD_RUNPATH_SEARCH_PATHS = "@executable_path/../Frameworks";
				MACOSX_DEPLOYMENT_TARGET = 14.0;
				MARKETING_VERSION = 1.0;
				PRODUCT_BUNDLE_IDENTIFIER = com.predictorapp.mac;
				PRODUCT_NAME = "$(TARGET_NAME)";
				SDKROOT = macosx;
				SWIFT_EMIT_LOC_STRINGS = YES;
				SWIFT_VERSION = 5.0;
			};
			name = Debug;
		};
		X1000003 /* Release */ = {
			isa = XCBuildConfiguration;
			buildSettings = {
				ASSETCATALOG_COMPILER_APPICON_NAME = AppIcon;
				CODE_SIGN_STYLE = Automatic;
				COMBINE_HIDPI_IMAGES = YES;
				CURRENT_PROJECT_VERSION = 1;
				DEVELOPMENT_ASSET_PATHS = "";
				ENABLE_PREVIEWS = YES;
				GENERATE_INFOPLIST_FILE = YES;
				INFOPLIST_KEY_NSHumanReadableCopyright = "";
				LD_RUNPATH_SEARCH_PATHS = "@executable_path/../Frameworks";
				MACOSX_DEPLOYMENT_TARGET = 14.0;
				MARKETING_VERSION = 1.0;
				PRODUCT_BUNDLE_IDENTIFIER = com.predictorapp.mac;
				PRODUCT_NAME = "$(TARGET_NAME)";
				SDKROOT = macosx;
				SWIFT_EMIT_LOC_STRINGS = YES;
				SWIFT_VERSION = 5.0;
			};
			name = Release;
		};
		X1000004 /* Debug */ = {
			isa = XCBuildConfiguration;
			buildSettings = {
				ASSETCATALOG_COMPILER_APPICON_NAME = AppIcon;
				ASSETCATALOG_COMPILER_GLOBAL_ACCENT_COLOR_NAME = AccentColor;
				CODE_SIGN_STYLE = Automatic;
				CURRENT_PROJECT_VERSION = 1;
				DEVELOPMENT_ASSET_PATHS = "";
				DEVELOPMENT_TEAM = D688E2PL25;
				ENABLE_PREVIEWS = YES;
				GENERATE_INFOPLIST_FILE = YES;
				INFOPLIST_KEY_UIApplicationScene_Manifest_Generation = YES;
				INFOPLIST_KEY_UIApplicationSupportsIndirectInputEvents = YES;
				INFOPLIST_KEY_UILaunchScreen_Generation = YES;
				INFOPLIST_KEY_UISupportedInterfaceOrientations_iPad = "UIInterfaceOrientationPortrait UIInterfaceOrientationPortraitUpsideDown UIInterfaceOrientationLandscapeLeft UIInterfaceOrientationLandscapeRight";
				INFOPLIST_KEY_UISupportedInterfaceOrientations_iPhone = "UIInterfaceOrientationPortrait UIInterfaceOrientationLandscapeLeft UIInterfaceOrientationLandscapeRight";
				LD_RUNPATH_SEARCH_PATHS = "@executable_path/Frameworks";
				MARKETING_VERSION = 1.0;
				PRODUCT_BUNDLE_IDENTIFIER = com.predictorapp.ios;
				PRODUCT_NAME = "$(TARGET_NAME)";
				SDKROOT = iphoneos;
				SUPPORTED_PLATFORMS = "iphoneos iphonesimulator";
				SUPPORTS_MACCATALYST = NO;
				SWIFT_EMIT_LOC_STRINGS = YES;
				SWIFT_VERSION = 5.0;
				TARGETED_DEVICE_FAMILY = "1,2";
				"TARGETED_DEVICE_FAMILY[sdk=iphonesimulator*]" = "1,2";
			};
			name = Debug;
		};
		X1000005 /* Release */ = {
			isa = XCBuildConfiguration;
			buildSettings = {
				ASSETCATALOG_COMPILER_APPICON_NAME = AppIcon;
				ASSETCATALOG_COMPILER_GLOBAL_ACCENT_COLOR_NAME = AccentColor;
				CODE_SIGN_STYLE = Automatic;
				CURRENT_PROJECT_VERSION = 1;
				DEVELOPMENT_ASSET_PATHS = "";
				DEVELOPMENT_TEAM = D688E2PL25;
				ENABLE_PREVIEWS = YES;
				GENERATE_INFOPLIST_FILE = YES;
				INFOPLIST_KEY_UIApplicationScene_Manifest_Generation = YES;
				INFOPLIST_KEY_UIApplicationSupportsIndirectInputEvents = YES;
				INFOPLIST_KEY_UILaunchScreen_Generation = YES;
				INFOPLIST_KEY_UISupportedInterfaceOrientations_iPad = "UIInterfaceOrientationPortrait UIInterfaceOrientationPortraitUpsideDown UIInterfaceOrientationLandscapeLeft UIInterfaceOrientationLandscapeRight";
				INFOPLIST_KEY_UISupportedInterfaceOrientations_iPhone = "UIInterfaceOrientationPortrait UIInterfaceOrientationLandscapeLeft UIInterfaceOrientationLandscapeRight";
				LD_RUNPATH_SEARCH_PATHS = "@executable_path/Frameworks";
				MARKETING_VERSION = 1.0;
				PRODUCT_BUNDLE_IDENTIFIER = com.predictorapp.ios;
				PRODUCT_NAME = "$(TARGET_NAME)";
				SDKROOT = iphoneos;
				SUPPORTED_PLATFORMS = "iphoneos iphonesimulator";
				SUPPORTS_MACCATALYST = NO;
				SWIFT_EMIT_LOC_STRINGS = YES;
				SWIFT_VERSION = 5.0;
				TARGETED_DEVICE_FAMILY = "1,2";
				"TARGETED_DEVICE_FAMILY[sdk=iphonesimulator*]" = "1,2";
			};
			name = Release;
		};
/* End XCBuildConfiguration section */

/* Begin XCConfigurationList section */
		L1000000 /* Build configuration list for PBXProject "PredictorApp" */ = {
			isa = XCConfigurationList;
			buildConfigurations = (
				X1000000 /* Debug */,
				X1000001 /* Release */,
			);
			defaultConfigurationIsVisible = 0;
			defaultConfigurationName = Release;
		};
		L1000001 /* Build configuration list for PBXNativeTarget "PredictorApp (Mac)" */ = {
			isa = XCConfigurationList;
			buildConfigurations = (
				X1000002 /* Debug */,
				X1000003 /* Release */,
			);
			defaultConfigurationIsVisible = 0;
			defaultConfigurationName = Release;
		};
		L1000002 /* Build configuration list for PBXNativeTarget "PredictorApp (iOS)" */ = {
			isa = XCConfigurationList;
			buildConfigurations = (
				X1000004 /* Debug */,
				X1000005 /* Release */,
			);
			defaultConfigurationIsVisible = 0;
			defaultConfigurationName = Release;
		};
/* End XCConfigurationList section */
	};
	rootObject = P1000001 /* Project object */;
}
